
Microsoft Visual Studio Solution File, Format Version 12.00
# Visual Studio Version 17
VisualStudioVersion = 17.14.36518.9 d17.14
MinimumVisualStudioVersion = 10.0.40219.1
Project("{FAE04EC0-301F-11D3-BF4B-00C04F79EFBC}") = "TeamPoints", "TeamPoints.csproj", "{29039FA2-CF56-4E25-ACEA-515EEDA4C30C}"
EndProject
Global
	GlobalSection(SolutionConfigurationPlatforms) = preSolution
		Debug|Any CPU = Debug|Any CPU
		Release|Any CPU = Release|Any CPU
	EndGlobalSection
	GlobalSection(ProjectConfigurationPlatforms) = postSolution
		{29039FA2-CF56-4E25-ACEA-515EEDA4C30C}.Debug|Any CPU.ActiveCfg = Debug|Any CPU
		{29039FA2-CF56-4E25-ACEA-515EEDA4C30C}.Debug|Any CPU.Build.0 = Debug|Any CPU
		{29039FA2-CF56-4E25-ACEA-515EEDA4C30C}.Release|Any CPU.ActiveCfg = Release|Any CPU
		{29039FA2-CF56-4E25-ACEA-515EEDA4C30C}.Release|Any CPU.Build.0 = Release|Any CPU
	EndGlobalSection
	GlobalSection(SolutionProperties) = preSolution
		HideSolutionNode = FALSE
	EndGlobalSection
	GlobalSection(ExtensibilityGlobals) = postSolution
		SolutionGuid = {3C746136-59E5-487E-8232-562787971A7C}
	EndGlobalSection
EndGlobal
